// !$*UTF8*$!
{
	archiveVersion = 1;
	classes = {
	};
	objectVersion = 52;
	objects = {

/* Begin PBXBuildFile section */
		0143EB2E26D566BE00C3E2E5 /* BlackbirdApp.swift in Sources */ = {isa = PBXBuildFile; fileRef = 0143EB2D26D566BE00C3E2E5 /* BlackbirdApp.swift */; };
		0143EB3026D566BE00C3E2E5 /* ContentView.swift in Sources */ = {isa = PBXBuildFile; fileRef = 0143EB2F26D566BE00C3E2E5 /* ContentView.swift */; };
		0143EB3226D566C000C3E2E5 /* Assets.xcassets in Resources */ = {isa = PBXBuildFile; fileRef = 0143EB3126D566C000C3E2E5 /* Assets.xcassets */; };
		0143EB3526D566C000C3E2E5 /* Preview Assets.xcassets in Resources */ = {isa = PBXBuildFile; fileRef = 0143EB3426D566C000C3E2E5 /* Preview Assets.xcassets */; };
		0143EB4026D566C100C3E2E5 /* BlackbirdTests.swift in Sources */ = {isa = PBXBuildFile; fileRef = 0143EB3F26D566C100C3E2E5 /* BlackbirdTests.swift */; };
		0143EB4B26D566C100C3E2E5 /* BlackbirdUITests.swift in Sources */ = {isa = PBXBuildFile; fileRef = 0143EB4A26D566C100C3E2E5 /* BlackbirdUITests.swift */; };
		0143EB5F26D69B9F00C3E2E5 /* LoginPage.swift in Sources */ = {isa = PBXBuildFile; fileRef = 0143EB5E26D69B9F00C3E2E5 /* LoginPage.swift */; };
		0143EB6526D6A68600C3E2E5 /* Placeholder.swift in Sources */ = {isa = PBXBuildFile; fileRef = 0143EB6426D6A68600C3E2E5 /* Placeholder.swift */; };
		0143EB6E26D6A6D600C3E2E5 /* SignUpPage.swift in Sources */ = {isa = PBXBuildFile; fileRef = 0143EB6D26D6A6D600C3E2E5 /* SignUpPage.swift */; };
		0143EB7B26D6C79400C3E2E5 /* CloudKit.framework in Frameworks */ = {isa = PBXBuildFile; fileRef = 0143EB7A26D6C79400C3E2E5 /* CloudKit.framework */; };
		0143EB8326D6D72700C3E2E5 /* CloudKitManager.swift in Sources */ = {isa = PBXBuildFile; fileRef = 0143EB8226D6D72700C3E2E5 /* CloudKitManager.swift */; };
		0143EB9826D6DB7600C3E2E5 /* MessageContent.swift in Sources */ = {isa = PBXBuildFile; fileRef = 0143EB9726D6DB7600C3E2E5 /* MessageContent.swift */; };
		0143EB9D26D6DC1000C3E2E5 /* ConversationView.swift in Sources */ = {isa = PBXBuildFile; fileRef = 0143EB9C26D6DC1000C3E2E5 /* ConversationView.swift */; };
		0143EBA226D6DD3A00C3E2E5 /* MessageView.swift in Sources */ = {isa = PBXBuildFile; fileRef = 0143EBA126D6DD3A00C3E2E5 /* MessageView.swift */; };
		0143EBAA26D6E07100C3E2E5 /* Data.swift in Sources */ = {isa = PBXBuildFile; fileRef = 0143EBA926D6E07100C3E2E5 /* Data.swift */; };
		0154CE7D26D8FCDF009611E5 /* ImagePicker.swift in Sources */ = {isa = PBXBuildFile; fileRef = 0154CE7C26D8FCDF009611E5 /* ImagePicker.swift */; };
		0154CE8226D97178009611E5 /* KeyChain.swift in Sources */ = {isa = PBXBuildFile; fileRef = 0154CE8126D97178009611E5 /* KeyChain.swift */; };
		0154CE8826D97F93009611E5 /* SwiftKeychainWrapper in Frameworks */ = {isa = PBXBuildFile; productRef = 0154CE8726D97F93009611E5 /* SwiftKeychainWrapper */; };
		0154CE8D26D97FA0009611E5 /* Credentials.swift in Sources */ = {isa = PBXBuildFile; fileRef = 0154CE8C26D97FA0009611E5 /* Credentials.swift */; };
		0154CE9526D981DA009611E5 /* Authentication.swift in Sources */ = {isa = PBXBuildFile; fileRef = 0154CE9426D981DA009611E5 /* Authentication.swift */; };
		0154CE9B26DA84D8009611E5 /* People.swift in Sources */ = {isa = PBXBuildFile; fileRef = 0154CE9A26DA84D8009611E5 /* People.swift */; };
		0154CEA326DA8511009611E5 /* Conversation.swift in Sources */ = {isa = PBXBuildFile; fileRef = 0154CEA226DA8511009611E5 /* Conversation.swift */; };
		0154CEB126DAA972009611E5 /* Unique.swift in Sources */ = {isa = PBXBuildFile; fileRef = 0154CEB026DAA972009611E5 /* Unique.swift */; };
		0154CEB626DAC102009611E5 /* Messages.swift in Sources */ = {isa = PBXBuildFile; fileRef = 0154CEB526DAC102009611E5 /* Messages.swift */; };
		0154CEBC26DACB25009611E5 /* Settings.swift in Sources */ = {isa = PBXBuildFile; fileRef = 0154CEBB26DACB25009611E5 /* Settings.swift */; };
		0154CEC126DAFA2D009611E5 /* KeyboardHelper.swift in Sources */ = {isa = PBXBuildFile; fileRef = 0154CEC026DAFA2D009611E5 /* KeyboardHelper.swift */; };
		0154CEC626DB67E4009611E5 /* WebCredentialsHelper.swift in Sources */ = {isa = PBXBuildFile; fileRef = 0154CEC526DB67E4009611E5 /* WebCredentialsHelper.swift */; };
/* End PBXBuildFile section */

/* Begin PBXContainerItemProxy section */
		0143EB3C26D566C100C3E2E5 /* PBXContainerItemProxy */ = {
			isa = PBXContainerItemProxy;
			containerPortal = 0143EB2226D566BE00C3E2E5 /* Project object */;
			proxyType = 1;
			remoteGlobalIDString = 0143EB2926D566BE00C3E2E5;
			remoteInfo = Blackbird;
		};
		0143EB4726D566C100C3E2E5 /* PBXContainerItemProxy */ = {
			isa = PBXContainerItemProxy;
			containerPortal = 0143EB2226D566BE00C3E2E5 /* Project object */;
			proxyType = 1;
			remoteGlobalIDString = 0143EB2926D566BE00C3E2E5;
			remoteInfo = Blackbird;
		};
/* End PBXContainerItemProxy section */

/* Begin PBXFileReference section */
		0143EB2A26D566BE00C3E2E5 /* Blackbird.app */ = {isa = PBXFileReference; explicitFileType = wrapper.application; includeInIndex = 0; path = Blackbird.app; sourceTree = BUILT_PRODUCTS_DIR; };
		0143EB2D26D566BE00C3E2E5 /* BlackbirdApp.swift */ = {isa = PBXFileReference; lastKnownFileType = sourcecode.swift; path = BlackbirdApp.swift; sourceTree = "<group>"; };
		0143EB2F26D566BE00C3E2E5 /* ContentView.swift */ = {isa = PBXFileReference; lastKnownFileType = sourcecode.swift; path = ContentView.swift; sourceTree = "<group>"; };
		0143EB3126D566C000C3E2E5 /* Assets.xcassets */ = {isa = PBXFileReference; lastKnownFileType = folder.assetcatalog; path = Assets.xcassets; sourceTree = "<group>"; };
		0143EB3426D566C000C3E2E5 /* Preview Assets.xcassets */ = {isa = PBXFileReference; lastKnownFileType = folder.assetcatalog; path = "Preview Assets.xcassets"; sourceTree = "<group>"; };
		0143EB3626D566C000C3E2E5 /* Info.plist */ = {isa = PBXFileReference; lastKnownFileType = text.plist.xml; path = Info.plist; sourceTree = "<group>"; };
		0143EB3B26D566C100C3E2E5 /* BlackbirdTests.xctest */ = {isa = PBXFileReference; explicitFileType = wrapper.cfbundle; includeInIndex = 0; path = BlackbirdTests.xctest; sourceTree = BUILT_PRODUCTS_DIR; };
		0143EB3F26D566C100C3E2E5 /* BlackbirdTests.swift */ = {isa = PBXFileReference; lastKnownFileType = sourcecode.swift; path = BlackbirdTests.swift; sourceTree = "<group>"; };
		0143EB4126D566C100C3E2E5 /* Info.plist */ = {isa = PBXFileReference; lastKnownFileType = text.plist.xml; path = Info.plist; sourceTree = "<group>"; };
		0143EB4626D566C100C3E2E5 /* BlackbirdUITests.xctest */ = {isa = PBXFileReference; explicitFileType = wrapper.cfbundle; includeInIndex = 0; path = BlackbirdUITests.xctest; sourceTree = BUILT_PRODUCTS_DIR; };
		0143EB4A26D566C100C3E2E5 /* BlackbirdUITests.swift */ = {isa = PBXFileReference; lastKnownFileType = sourcecode.swift; path = BlackbirdUITests.swift; sourceTree = "<group>"; };
		0143EB4C26D566C100C3E2E5 /* Info.plist */ = {isa = PBXFileReference; lastKnownFileType = text.plist.xml; path = Info.plist; sourceTree = "<group>"; };
		0143EB5E26D69B9F00C3E2E5 /* LoginPage.swift */ = {isa = PBXFileReference; lastKnownFileType = sourcecode.swift; path = LoginPage.swift; sourceTree = "<group>"; };
		0143EB6426D6A68600C3E2E5 /* Placeholder.swift */ = {isa = PBXFileReference; lastKnownFileType = sourcecode.swift; path = Placeholder.swift; sourceTree = "<group>"; };
		0143EB6D26D6A6D600C3E2E5 /* SignUpPage.swift */ = {isa = PBXFileReference; lastKnownFileType = sourcecode.swift; path = SignUpPage.swift; sourceTree = "<group>"; };
		0143EB7526D6C78400C3E2E5 /* Blackbird.entitlements */ = {isa = PBXFileReference; lastKnownFileType = text.plist.entitlements; path = Blackbird.entitlements; sourceTree = "<group>"; };
		0143EB7A26D6C79400C3E2E5 /* CloudKit.framework */ = {isa = PBXFileReference; lastKnownFileType = wrapper.framework; name = CloudKit.framework; path = System/Library/Frameworks/CloudKit.framework; sourceTree = SDKROOT; };
		0143EB8226D6D72700C3E2E5 /* CloudKitManager.swift */ = {isa = PBXFileReference; lastKnownFileType = sourcecode.swift; path = CloudKitManager.swift; sourceTree = "<group>"; };
		0143EB9726D6DB7600C3E2E5 /* MessageContent.swift */ = {isa = PBXFileReference; lastKnownFileType = sourcecode.swift; path = MessageContent.swift; sourceTree = "<group>"; };
		0143EB9C26D6DC1000C3E2E5 /* ConversationView.swift */ = {isa = PBXFileReference; lastKnownFileType = sourcecode.swift; path = ConversationView.swift; sourceTree = "<group>"; };
		0143EBA126D6DD3A00C3E2E5 /* MessageView.swift */ = {isa = PBXFileReference; lastKnownFileType = sourcecode.swift; path = MessageView.swift; sourceTree = "<group>"; };
		0143EBA926D6E07100C3E2E5 /* Data.swift */ = {isa = PBXFileReference; lastKnownFileType = sourcecode.swift; path = Data.swift; sourceTree = "<group>"; };
		0154CE7C26D8FCDF009611E5 /* ImagePicker.swift */ = {isa = PBXFileReference; lastKnownFileType = sourcecode.swift; path = ImagePicker.swift; sourceTree = "<group>"; };
		0154CE8126D97178009611E5 /* KeyChain.swift */ = {isa = PBXFileReference; lastKnownFileType = sourcecode.swift; path = KeyChain.swift; sourceTree = "<group>"; };
		0154CE8C26D97FA0009611E5 /* Credentials.swift */ = {isa = PBXFileReference; lastKnownFileType = sourcecode.swift; path = Credentials.swift; sourceTree = "<group>"; };
		0154CE9426D981DA009611E5 /* Authentication.swift */ = {isa = PBXFileReference; lastKnownFileType = sourcecode.swift; path = Authentication.swift; sourceTree = "<group>"; };
		0154CE9A26DA84D8009611E5 /* People.swift */ = {isa = PBXFileReference; lastKnownFileType = sourcecode.swift; path = People.swift; sourceTree = "<group>"; };
		0154CEA226DA8511009611E5 /* Conversation.swift */ = {isa = PBXFileReference; lastKnownFileType = sourcecode.swift; path = Conversation.swift; sourceTree = "<group>"; };
		0154CEB026DAA972009611E5 /* Unique.swift */ = {isa = PBXFileReference; lastKnownFileType = sourcecode.swift; path = Unique.swift; sourceTree = "<group>"; };
		0154CEB526DAC102009611E5 /* Messages.swift */ = {isa = PBXFileReference; lastKnownFileType = sourcecode.swift; path = Messages.swift; sourceTree = "<group>"; };
		0154CEBB26DACB25009611E5 /* Settings.swift */ = {isa = PBXFileReference; lastKnownFileType = sourcecode.swift; path = Settings.swift; sourceTree = "<group>"; };
		0154CEC026DAFA2D009611E5 /* KeyboardHelper.swift */ = {isa = PBXFileReference; lastKnownFileType = sourcecode.swift; path = KeyboardHelper.swift; sourceTree = "<group>"; };
		0154CEC526DB67E4009611E5 /* WebCredentialsHelper.swift */ = {isa = PBXFileReference; lastKnownFileType = sourcecode.swift; path = WebCredentialsHelper.swift; sourceTree = "<group>"; };
/* End PBXFileReference section */

/* Begin PBXFrameworksBuildPhase section */
		0143EB2726D566BE00C3E2E5 /* Frameworks */ = {
			isa = PBXFrameworksBuildPhase;
			buildActionMask = 2147483647;
			files = (
				0154CE8826D97F93009611E5 /* SwiftKeychainWrapper in Frameworks */,
				0143EB7B26D6C79400C3E2E5 /* CloudKit.framework in Frameworks */,
			);
			runOnlyForDeploymentPostprocessing = 0;
		};
		0143EB3826D566C100C3E2E5 /* Frameworks */ = {
			isa = PBXFrameworksBuildPhase;
			buildActionMask = 2147483647;
			files = (
			);
			runOnlyForDeploymentPostprocessing = 0;
		};
		0143EB4326D566C100C3E2E5 /* Frameworks */ = {
			isa = PBXFrameworksBuildPhase;
			buildActionMask = 2147483647;
			files = (
			);
			runOnlyForDeploymentPostprocessing = 0;
		};
/* End PBXFrameworksBuildPhase section */

/* Begin PBXGroup section */
		0143EB2126D566BE00C3E2E5 = {
			isa = PBXGroup;
			children = (
				0143EB2C26D566BE00C3E2E5 /* Blackbird */,
				0143EB3E26D566C100C3E2E5 /* BlackbirdTests */,
				0143EB4926D566C100C3E2E5 /* BlackbirdUITests */,
				0143EB2B26D566BE00C3E2E5 /* Products */,
				0143EB7926D6C79400C3E2E5 /* Frameworks */,
			);
			sourceTree = "<group>";
		};
		0143EB2B26D566BE00C3E2E5 /* Products */ = {
			isa = PBXGroup;
			children = (
				0143EB2A26D566BE00C3E2E5 /* Blackbird.app */,
				0143EB3B26D566C100C3E2E5 /* BlackbirdTests.xctest */,
				0143EB4626D566C100C3E2E5 /* BlackbirdUITests.xctest */,
			);
			name = Products;
			sourceTree = "<group>";
		};
		0143EB2C26D566BE00C3E2E5 /* Blackbird */ = {
			isa = PBXGroup;
			children = (
				0154CEBA26DACB19009611E5 /* Settings */,
				0143EBB926D7E4F000C3E2E5 /* Homepage */,
				0143EB9626D6DB6400C3E2E5 /* Data */,
				0143EB9526D6DB4500C3E2E5 /* Conversation */,
				0143EB7526D6C78400C3E2E5 /* Blackbird.entitlements */,
				0143EB6C26D6A6B800C3E2E5 /* LoginAndSignUp */,
				0143EB6326D6A67800C3E2E5 /* utils */,
				0143EB2D26D566BE00C3E2E5 /* BlackbirdApp.swift */,
				0143EB2F26D566BE00C3E2E5 /* ContentView.swift */,
				0143EB3126D566C000C3E2E5 /* Assets.xcassets */,
				0143EB3626D566C000C3E2E5 /* Info.plist */,
				0143EB3326D566C000C3E2E5 /* Preview Content */,
				0143EB8226D6D72700C3E2E5 /* CloudKitManager.swift */,
			);
			path = Blackbird;
			sourceTree = "<group>";
		};
		0143EB3326D566C000C3E2E5 /* Preview Content */ = {
			isa = PBXGroup;
			children = (
				0143EB3426D566C000C3E2E5 /* Preview Assets.xcassets */,
			);
			path = "Preview Content";
			sourceTree = "<group>";
		};
		0143EB3E26D566C100C3E2E5 /* BlackbirdTests */ = {
			isa = PBXGroup;
			children = (
				0143EB3F26D566C100C3E2E5 /* BlackbirdTests.swift */,
				0143EB4126D566C100C3E2E5 /* Info.plist */,
			);
			path = BlackbirdTests;
			sourceTree = "<group>";
		};
		0143EB4926D566C100C3E2E5 /* BlackbirdUITests */ = {
			isa = PBXGroup;
			children = (
				0143EB4A26D566C100C3E2E5 /* BlackbirdUITests.swift */,
				0143EB4C26D566C100C3E2E5 /* Info.plist */,
			);
			path = BlackbirdUITests;
			sourceTree = "<group>";
		};
		0143EB6326D6A67800C3E2E5 /* utils */ = {
			isa = PBXGroup;
			children = (
				0143EB6426D6A68600C3E2E5 /* Placeholder.swift */,
				0154CE7C26D8FCDF009611E5 /* ImagePicker.swift */,
				0154CE8126D97178009611E5 /* KeyChain.swift */,
				0154CE9426D981DA009611E5 /* Authentication.swift */,
				0154CEB026DAA972009611E5 /* Unique.swift */,
				0154CEC026DAFA2D009611E5 /* KeyboardHelper.swift */,
				0154CEC526DB67E4009611E5 /* WebCredentialsHelper.swift */,
			);
			path = utils;
			sourceTree = "<group>";
		};
		0143EB6C26D6A6B800C3E2E5 /* LoginAndSignUp */ = {
			isa = PBXGroup;
			children = (
				0143EB5E26D69B9F00C3E2E5 /* LoginPage.swift */,
				0143EB6D26D6A6D600C3E2E5 /* SignUpPage.swift */,
			);
			path = LoginAndSignUp;
			sourceTree = "<group>";
		};
		0143EB7926D6C79400C3E2E5 /* Frameworks */ = {
			isa = PBXGroup;
			children = (
				0143EB7A26D6C79400C3E2E5 /* CloudKit.framework */,
			);
			name = Frameworks;
			sourceTree = "<group>";
		};
		0143EB9526D6DB4500C3E2E5 /* Conversation */ = {
			isa = PBXGroup;
			children = (
				0143EB9726D6DB7600C3E2E5 /* MessageContent.swift */,
				0143EB9C26D6DC1000C3E2E5 /* ConversationView.swift */,
				0143EBA126D6DD3A00C3E2E5 /* MessageView.swift */,
			);
			path = Conversation;
			sourceTree = "<group>";
		};
		0143EB9626D6DB6400C3E2E5 /* Data */ = {
			isa = PBXGroup;
			children = (
				0143EBA926D6E07100C3E2E5 /* Data.swift */,
				0154CE8C26D97FA0009611E5 /* Credentials.swift */,
				0154CE9A26DA84D8009611E5 /* People.swift */,
				0154CEA226DA8511009611E5 /* Conversation.swift */,
				0154CEB526DAC102009611E5 /* Messages.swift */,
			);
			path = Data;
			sourceTree = "<group>";
		};
		0143EBB926D7E4F000C3E2E5 /* Homepage */ = {
			isa = PBXGroup;
			children = (
			);
			path = Homepage;
			sourceTree = "<group>";
		};
		0154CEBA26DACB19009611E5 /* Settings */ = {
			isa = PBXGroup;
			children = (
				0154CEBB26DACB25009611E5 /* Settings.swift */,
			);
			path = Settings;
			sourceTree = "<group>";
		};
/* End PBXGroup section */

/* Begin PBXNativeTarget section */
		0143EB2926D566BE00C3E2E5 /* Blackbird */ = {
			isa = PBXNativeTarget;
			buildConfigurationList = 0143EB4F26D566C100C3E2E5 /* Build configuration list for PBXNativeTarget "Blackbird" */;
			buildPhases = (
				0143EB2626D566BE00C3E2E5 /* Sources */,
				0143EB2726D566BE00C3E2E5 /* Frameworks */,
				0143EB2826D566BE00C3E2E5 /* Resources */,
			);
			buildRules = (
			);
			dependencies = (
			);
			name = Blackbird;
			packageProductDependencies = (
				0154CE8726D97F93009611E5 /* SwiftKeychainWrapper */,
			);
			productName = Blackbird;
			productReference = 0143EB2A26D566BE00C3E2E5 /* Blackbird.app */;
			productType = "com.apple.product-type.application";
		};
		0143EB3A26D566C100C3E2E5 /* BlackbirdTests */ = {
			isa = PBXNativeTarget;
			buildConfigurationList = 0143EB5226D566C100C3E2E5 /* Build configuration list for PBXNativeTarget "BlackbirdTests" */;
			buildPhases = (
				0143EB3726D566C100C3E2E5 /* Sources */,
				0143EB3826D566C100C3E2E5 /* Frameworks */,
				0143EB3926D566C100C3E2E5 /* Resources */,
			);
			buildRules = (
			);
			dependencies = (
				0143EB3D26D566C100C3E2E5 /* PBXTargetDependency */,
			);
			name = BlackbirdTests;
			productName = BlackbirdTests;
			productReference = 0143EB3B26D566C100C3E2E5 /* BlackbirdTests.xctest */;
			productType = "com.apple.product-type.bundle.unit-test";
		};
		0143EB4526D566C100C3E2E5 /* BlackbirdUITests */ = {
			isa = PBXNativeTarget;
			buildConfigurationList = 0143EB5526D566C100C3E2E5 /* Build configuration list for PBXNativeTarget "BlackbirdUITests" */;
			buildPhases = (
				0143EB4226D566C100C3E2E5 /* Sources */,
				0143EB4326D566C100C3E2E5 /* Frameworks */,
				0143EB4426D566C100C3E2E5 /* Resources */,
			);
			buildRules = (
			);
			dependencies = (
				0143EB4826D566C100C3E2E5 /* PBXTargetDependency */,
			);
			name = BlackbirdUITests;
			productName = BlackbirdUITests;
			productReference = 0143EB4626D566C100C3E2E5 /* BlackbirdUITests.xctest */;
			productType = "com.apple.product-type.bundle.ui-testing";
		};
/* End PBXNativeTarget section */

/* Begin PBXProject section */
		0143EB2226D566BE00C3E2E5 /* Project object */ = {
			isa = PBXProject;
			attributes = {
				LastSwiftUpdateCheck = 1240;
				LastUpgradeCheck = 1240;
				TargetAttributes = {
					0143EB2926D566BE00C3E2E5 = {
						CreatedOnToolsVersion = 12.4;
					};
					0143EB3A26D566C100C3E2E5 = {
						CreatedOnToolsVersion = 12.4;
						TestTargetID = 0143EB2926D566BE00C3E2E5;
					};
					0143EB4526D566C100C3E2E5 = {
						CreatedOnToolsVersion = 12.4;
						TestTargetID = 0143EB2926D566BE00C3E2E5;
					};
				};
			};
			buildConfigurationList = 0143EB2526D566BE00C3E2E5 /* Build configuration list for PBXProject "Blackbird" */;
			compatibilityVersion = "Xcode 9.3";
			developmentRegion = en;
			hasScannedForEncodings = 0;
			knownRegions = (
				en,
				Base,
			);
			mainGroup = 0143EB2126D566BE00C3E2E5;
			packageReferences = (
				0154CE8626D97F93009611E5 /* XCRemoteSwiftPackageReference "SwiftKeychainWrapper" */,
			);
			productRefGroup = 0143EB2B26D566BE00C3E2E5 /* Products */;
			projectDirPath = "";
			projectRoot = "";
			targets = (
				0143EB2926D566BE00C3E2E5 /* Blackbird */,
				0143EB3A26D566C100C3E2E5 /* BlackbirdTests */,
				0143EB4526D566C100C3E2E5 /* BlackbirdUITests */,
			);
		};
/* End PBXProject section */

/* Begin PBXResourcesBuildPhase section */
		0143EB2826D566BE00C3E2E5 /* Resources */ = {
			isa = PBXResourcesBuildPhase;
			buildActionMask = 2147483647;
			files = (
				0143EB3526D566C000C3E2E5 /* Preview Assets.xcassets in Resources */,
				0143EB3226D566C000C3E2E5 /* Assets.xcassets in Resources */,
			);
			runOnlyForDeploymentPostprocessing = 0;
		};
		0143EB3926D566C100C3E2E5 /* Resources */ = {
			isa = PBXResourcesBuildPhase;
			buildActionMask = 2147483647;
			files = (
			);
			runOnlyForDeploymentPostprocessing = 0;
		};
		0143EB4426D566C100C3E2E5 /* Resources */ = {
			isa = PBXResourcesBuildPhase;
			buildActionMask = 2147483647;
			files = (
			);
			runOnlyForDeploymentPostprocessing = 0;
		};
/* End PBXResourcesBuildPhase section */

/* Begin PBXSourcesBuildPhase section */
		0143EB2626D566BE00C3E2E5 /* Sources */ = {
			isa = PBXSourcesBuildPhase;
			buildActionMask = 2147483647;
			files = (
				0154CE7D26D8FCDF009611E5 /* ImagePicker.swift in Sources */,
				0154CEB626DAC102009611E5 /* Messages.swift in Sources */,
				0154CEC626DB67E4009611E5 /* WebCredentialsHelper.swift in Sources */,
				0143EB3026D566BE00C3E2E5 /* ContentView.swift in Sources */,
				0143EB6E26D6A6D600C3E2E5 /* SignUpPage.swift in Sources */,
				0154CEC126DAFA2D009611E5 /* KeyboardHelper.swift in Sources */,
				0154CEB126DAA972009611E5 /* Unique.swift in Sources */,
				0143EB9826D6DB7600C3E2E5 /* MessageContent.swift in Sources */,
				0143EB8326D6D72700C3E2E5 /* CloudKitManager.swift in Sources */,
				0143EB5F26D69B9F00C3E2E5 /* LoginPage.swift in Sources */,
				0143EB2E26D566BE00C3E2E5 /* BlackbirdApp.swift in Sources */,
				0143EBA226D6DD3A00C3E2E5 /* MessageView.swift in Sources */,
				0143EBAA26D6E07100C3E2E5 /* Data.swift in Sources */,
				0154CE8D26D97FA0009611E5 /* Credentials.swift in Sources */,
				0143EB6526D6A68600C3E2E5 /* Placeholder.swift in Sources */,
				0154CEA326DA8511009611E5 /* Conversation.swift in Sources */,
				0154CE8226D97178009611E5 /* KeyChain.swift in Sources */,
				0143EB9D26D6DC1000C3E2E5 /* ConversationView.swift in Sources */,
				0154CE9526D981DA009611E5 /* Authentication.swift in Sources */,
				0154CE9B26DA84D8009611E5 /* People.swift in Sources */,
				0154CEBC26DACB25009611E5 /* Settings.swift in Sources */,
			);
			runOnlyForDeploymentPostprocessing = 0;
		};
		0143EB3726D566C100C3E2E5 /* Sources */ = {
			isa = PBXSourcesBuildPhase;
			buildActionMask = 2147483647;
			files = (
				0143EB4026D566C100C3E2E5 /* BlackbirdTests.swift in Sources */,
			);
			runOnlyForDeploymentPostprocessing = 0;
		};
		0143EB4226D566C100C3E2E5 /* Sources */ = {
			isa = PBXSourcesBuildPhase;
			buildActionMask = 2147483647;
			files = (
				0143EB4B26D566C100C3E2E5 /* BlackbirdUITests.swift in Sources */,
			);
			runOnlyForDeploymentPostprocessing = 0;
		};
/* End PBXSourcesBuildPhase section */

/* Begin PBXTargetDependency section */
		0143EB3D26D566C100C3E2E5 /* PBXTargetDependency */ = {
			isa = PBXTargetDependency;
			target = 0143EB2926D566BE00C3E2E5 /* Blackbird */;
			targetProxy = 0143EB3C26D566C100C3E2E5 /* PBXContainerItemProxy */;
		};
		0143EB4826D566C100C3E2E5 /* PBXTargetDependency */ = {
			isa = PBXTargetDependency;
			target = 0143EB2926D566BE00C3E2E5 /* Blackbird */;
			targetProxy = 0143EB4726D566C100C3E2E5 /* PBXContainerItemProxy */;
		};
/* End PBXTargetDependency section */

/* Begin XCBuildConfiguration section */
		0143EB4D26D566C100C3E2E5 /* Debug */ = {
			isa = XCBuildConfiguration;
			buildSettings = {
				ALWAYS_SEARCH_USER_PATHS = NO;
				CLANG_ANALYZER_NONNULL = YES;
				CLANG_ANALYZER_NUMBER_OBJECT_CONVERSION = YES_AGGRESSIVE;
				CLANG_CXX_LANGUAGE_STANDARD = "gnu++14";
				CLANG_CXX_LIBRARY = "libc++";
				CLANG_ENABLE_MODULES = YES;
				CLANG_ENABLE_OBJC_ARC = YES;
				CLANG_ENABLE_OBJC_WEAK = YES;
				CLANG_WARN_BLOCK_CAPTURE_AUTORELEASING = YES;
				CLANG_WARN_BOOL_CONVERSION = YES;
				CLANG_WARN_COMMA = YES;
				CLANG_WARN_CONSTANT_CONVERSION = YES;
				CLANG_WARN_DEPRECATED_OBJC_IMPLEMENTATIONS = YES;
				CLANG_WARN_DIRECT_OBJC_ISA_USAGE = YES_ERROR;
				CLANG_WARN_DOCUMENTATION_COMMENTS = YES;
				CLANG_WARN_EMPTY_BODY = YES;
				CLANG_WARN_ENUM_CONVERSION = YES;
				CLANG_WARN_INFINITE_RECURSION = YES;
				CLANG_WARN_INT_CONVERSION = YES;
				CLANG_WARN_NON_LITERAL_NULL_CONVERSION = YES;
				CLANG_WARN_OBJC_IMPLICIT_RETAIN_SELF = YES;
				CLANG_WARN_OBJC_LITERAL_CONVERSION = YES;
				CLANG_WARN_OBJC_ROOT_CLASS = YES_ERROR;
				CLANG_WARN_QUOTED_INCLUDE_IN_FRAMEWORK_HEADER = YES;
				CLANG_WARN_RANGE_LOOP_ANALYSIS = YES;
				CLANG_WARN_STRICT_PROTOTYPES = YES;
				CLANG_WARN_SUSPICIOUS_MOVE = YES;
				CLANG_WARN_UNGUARDED_AVAILABILITY = YES_AGGRESSIVE;
				CLANG_WARN_UNREACHABLE_CODE = YES;
				CLANG_WARN__DUPLICATE_METHOD_MATCH = YES;
				COPY_PHASE_STRIP = NO;
				DEBUG_INFORMATION_FORMAT = dwarf;
				ENABLE_STRICT_OBJC_MSGSEND = YES;
				ENABLE_TESTABILITY = YES;
				GCC_C_LANGUAGE_STANDARD = gnu11;
				GCC_DYNAMIC_NO_PIC = NO;
				GCC_NO_COMMON_BLOCKS = YES;
				GCC_OPTIMIZATION_LEVEL = 0;
				GCC_PREPROCESSOR_DEFINITIONS = (
					"DEBUG=1",
					"$(inherited)",
				);
				GCC_WARN_64_TO_32_BIT_CONVERSION = YES;
				GCC_WARN_ABOUT_RETURN_TYPE = YES_ERROR;
				GCC_WARN_UNDECLARED_SELECTOR = YES;
				GCC_WARN_UNINITIALIZED_AUTOS = YES_AGGRESSIVE;
				GCC_WARN_UNUSED_FUNCTION = YES;
				GCC_WARN_UNUSED_VARIABLE = YES;
				IPHONEOS_DEPLOYMENT_TARGET = 14.4;
				MTL_ENABLE_DEBUG_INFO = INCLUDE_SOURCE;
				MTL_FAST_MATH = YES;
				ONLY_ACTIVE_ARCH = YES;
				SDKROOT = iphoneos;
				SWIFT_ACTIVE_COMPILATION_CONDITIONS = DEBUG;
				SWIFT_OPTIMIZATION_LEVEL = "-Onone";
			};
			name = Debug;
		};
		0143EB4E26D566C100C3E2E5 /* Release */ = {
			isa = XCBuildConfiguration;
			buildSettings = {
				ALWAYS_SEARCH_USER_PATHS = NO;
				CLANG_ANALYZER_NONNULL = YES;
				CLANG_ANALYZER_NUMBER_OBJECT_CONVERSION = YES_AGGRESSIVE;
				CLANG_CXX_LANGUAGE_STANDARD = "gnu++14";
				CLANG_CXX_LIBRARY = "libc++";
				CLANG_ENABLE_MODULES = YES;
				CLANG_ENABLE_OBJC_ARC = YES;
				CLANG_ENABLE_OBJC_WEAK = YES;
				CLANG_WARN_BLOCK_CAPTURE_AUTORELEASING = YES;
				CLANG_WARN_BOOL_CONVERSION = YES;
				CLANG_WARN_COMMA = YES;
				CLANG_WARN_CONSTANT_CONVERSION = YES;
				CLANG_WARN_DEPRECATED_OBJC_IMPLEMENTATIONS = YES;
				CLANG_WARN_DIRECT_OBJC_ISA_USAGE = YES_ERROR;
				CLANG_WARN_DOCUMENTATION_COMMENTS = YES;
				CLANG_WARN_EMPTY_BODY = YES;
				CLANG_WARN_ENUM_CONVERSION = YES;
				CLANG_WARN_INFINITE_RECURSION = YES;
				CLANG_WARN_INT_CONVERSION = YES;
				CLANG_WARN_NON_LITERAL_NULL_CONVERSION = YES;
				CLANG_WARN_OBJC_IMPLICIT_RETAIN_SELF = YES;
				CLANG_WARN_OBJC_LITERAL_CONVERSION = YES;
				CLANG_WARN_OBJC_ROOT_CLASS = YES_ERROR;
				CLANG_WARN_QUOTED_INCLUDE_IN_FRAMEWORK_HEADER = YES;
				CLANG_WARN_RANGE_LOOP_ANALYSIS = YES;
				CLANG_WARN_STRICT_PROTOTYPES = YES;
				CLANG_WARN_SUSPICIOUS_MOVE = YES;
				CLANG_WARN_UNGUARDED_AVAILABILITY = YES_AGGRESSIVE;
				CLANG_WARN_UNREACHABLE_CODE = YES;
				CLANG_WARN__DUPLICATE_METHOD_MATCH = YES;
				COPY_PHASE_STRIP = NO;
				DEBUG_INFORMATION_FORMAT = "dwarf-with-dsym";
				ENABLE_NS_ASSERTIONS = NO;
				ENABLE_STRICT_OBJC_MSGSEND = YES;
				GCC_C_LANGUAGE_STANDARD = gnu11;
				GCC_NO_COMMON_BLOCKS = YES;
				GCC_WARN_64_TO_32_BIT_CONVERSION = YES;
				GCC_WARN_ABOUT_RETURN_TYPE = YES_ERROR;
				GCC_WARN_UNDECLARED_SELECTOR = YES;
				GCC_WARN_UNINITIALIZED_AUTOS = YES_AGGRESSIVE;
				GCC_WARN_UNUSED_FUNCTION = YES;
				GCC_WARN_UNUSED_VARIABLE = YES;
				IPHONEOS_DEPLOYMENT_TARGET = 14.4;
				MTL_ENABLE_DEBUG_INFO = NO;
				MTL_FAST_MATH = YES;
				SDKROOT = iphoneos;
				SWIFT_COMPILATION_MODE = wholemodule;
				SWIFT_OPTIMIZATION_LEVEL = "-O";
				VALIDATE_PRODUCT = YES;
			};
			name = Release;
		};
		0143EB5026D566C100C3E2E5 /* Debug */ = {
			isa = XCBuildConfiguration;
			buildSettings = {
				ASSETCATALOG_COMPILER_APPICON_NAME = AppIcon;
				ASSETCATALOG_COMPILER_GLOBAL_ACCENT_COLOR_NAME = AccentColor;
				CODE_SIGN_ENTITLEMENTS = Blackbird/Blackbird.entitlements;
				CODE_SIGN_STYLE = Automatic;
				DEVELOPMENT_ASSET_PATHS = "\"Blackbird/Preview Content\"";
				DEVELOPMENT_TEAM = VUYN7Z8LL9;
				ENABLE_PREVIEWS = YES;
				INFOPLIST_FILE = Blackbird/Info.plist;
				IPHONEOS_DEPLOYMENT_TARGET = 14.0;
				LD_RUNPATH_SEARCH_PATHS = (
					"$(inherited)",
					"@executable_path/Frameworks",
				);
				PRODUCT_BUNDLE_IDENTIFIER = com.elijahahmad.Blackbird;
				PRODUCT_NAME = "$(TARGET_NAME)";
				SWIFT_VERSION = 5.0;
				TARGETED_DEVICE_FAMILY = "1,2";
			};
			name = Debug;
		};
		0143EB5126D566C100C3E2E5 /* Release */ = {
			isa = XCBuildConfiguration;
			buildSettings = {
				ASSETCATALOG_COMPILER_APPICON_NAME = AppIcon;
				ASSETCATALOG_COMPILER_GLOBAL_ACCENT_COLOR_NAME = AccentColor;
				CODE_SIGN_ENTITLEMENTS = Blackbird/Blackbird.entitlements;
				CODE_SIGN_STYLE = Automatic;
				DEVELOPMENT_ASSET_PATHS = "\"Blackbird/Preview Content\"";
				DEVELOPMENT_TEAM = VUYN7Z8LL9;
				ENABLE_PREVIEWS = YES;
				INFOPLIST_FILE = Blackbird/Info.plist;
				IPHONEOS_DEPLOYMENT_TARGET = 14.0;
				LD_RUNPATH_SEARCH_PATHS = (
					"$(inherited)",
					"@executable_path/Frameworks",
				);
				PRODUCT_BUNDLE_IDENTIFIER = com.elijahahmad.Blackbird;
				PRODUCT_NAME = "$(TARGET_NAME)";
				SWIFT_VERSION = 5.0;
				TARGETED_DEVICE_FAMILY = "1,2";
			};
			name = Release;
		};
		0143EB5326D566C100C3E2E5 /* Debug */ = {
			isa = XCBuildConfiguration;
			buildSettings = {
				ALWAYS_EMBED_SWIFT_STANDARD_LIBRARIES = YES;
				BUNDLE_LOADER = "$(TEST_HOST)";
				CODE_SIGN_STYLE = Automatic;
				DEVELOPMENT_TEAM = VUYN7Z8LL9;
				INFOPLIST_FILE = BlackbirdTests/Info.plist;
				IPHONEOS_DEPLOYMENT_TARGET = 14.0;
				LD_RUNPATH_SEARCH_PATHS = (
					"$(inherited)",
					"@executable_path/Frameworks",
					"@loader_path/Frameworks",
				);
				PRODUCT_BUNDLE_IDENTIFIER = com.elijahahmad.BlackbirdTests;
				PRODUCT_NAME = "$(TARGET_NAME)";
				SWIFT_VERSION = 5.0;
				TARGETED_DEVICE_FAMILY = "1,2";
				TEST_HOST = "$(BUILT_PRODUCTS_DIR)/Blackbird.app/Blackbird";
			};
			name = Debug;
		};
		0143EB5426D566C100C3E2E5 /* Release */ = {
			isa = XCBuildConfiguration;
			buildSettings = {
				ALWAYS_EMBED_SWIFT_STANDARD_LIBRARIES = YES;
				BUNDLE_LOADER = "$(TEST_HOST)";
				CODE_SIGN_STYLE = Automatic;
				DEVELOPMENT_TEAM = VUYN7Z8LL9;
				INFOPLIST_FILE = BlackbirdTests/Info.plist;
				IPHONEOS_DEPLOYMENT_TARGET = 14.0;
				LD_RUNPATH_SEARCH_PATHS = (
					"$(inherited)",
					"@executable_path/Frameworks",
					"@loader_path/Frameworks",
				);
				PRODUCT_BUNDLE_IDENTIFIER = com.elijahahmad.BlackbirdTests;
				PRODUCT_NAME = "$(TARGET_NAME)";
				SWIFT_VERSION = 5.0;
				TARGETED_DEVICE_FAMILY = "1,2";
				TEST_HOST = "$(BUILT_PRODUCTS_DIR)/Blackbird.app/Blackbird";
			};
			name = Release;
		};
		0143EB5626D566C100C3E2E5 /* Debug */ = {
			isa = XCBuildConfiguration;
			buildSettings = {
				ALWAYS_EMBED_SWIFT_STANDARD_LIBRARIES = YES;
				CODE_SIGN_STYLE = Automatic;
				DEVELOPMENT_TEAM = VUYN7Z8LL9;
				INFOPLIST_FILE = BlackbirdUITests/Info.plist;
				LD_RUNPATH_SEARCH_PATHS = (
					"$(inherited)",
					"@executable_path/Frameworks",
					"@loader_path/Frameworks",
				);
				PRODUCT_BUNDLE_IDENTIFIER = com.elijahahmad.BlackbirdUITests;
				PRODUCT_NAME = "$(TARGET_NAME)";
				SWIFT_VERSION = 5.0;
				TARGETED_DEVICE_FAMILY = "1,2";
				TEST_TARGET_NAME = Blackbird;
			};
			name = Debug;
		};
		0143EB5726D566C100C3E2E5 /* Release */ = {
			isa = XCBuildConfiguration;
			buildSettings = {
				ALWAYS_EMBED_SWIFT_STANDARD_LIBRARIES = YES;
				CODE_SIGN_STYLE = Automatic;
				DEVELOPMENT_TEAM = VUYN7Z8LL9;
				INFOPLIST_FILE = BlackbirdUITests/Info.plist;
				LD_RUNPATH_SEARCH_PATHS = (
					"$(inherited)",
					"@executable_path/Frameworks",
					"@loader_path/Frameworks",
				);
				PRODUCT_BUNDLE_IDENTIFIER = com.elijahahmad.BlackbirdUITests;
				PRODUCT_NAME = "$(TARGET_NAME)";
				SWIFT_VERSION = 5.0;
				TARGETED_DEVICE_FAMILY = "1,2";
				TEST_TARGET_NAME = Blackbird;
			};
			name = Release;
		};
/* End XCBuildConfiguration section */

/* Begin XCConfigurationList section */
		0143EB2526D566BE00C3E2E5 /* Build configuration list for PBXProject "Blackbird" */ = {
			isa = XCConfigurationList;
			buildConfigurations = (
				0143EB4D26D566C100C3E2E5 /* Debug */,
				0143EB4E26D566C100C3E2E5 /* Release */,
			);
			defaultConfigurationIsVisible = 0;
			defaultConfigurationName = Release;
		};
		0143EB4F26D566C100C3E2E5 /* Build configuration list for PBXNativeTarget "Blackbird" */ = {
			isa = XCConfigurationList;
			buildConfigurations = (
				0143EB5026D566C100C3E2E5 /* Debug */,
				0143EB5126D566C100C3E2E5 /* Release */,
			);
			defaultConfigurationIsVisible = 0;
			defaultConfigurationName = Release;
		};
		0143EB5226D566C100C3E2E5 /* Build configuration list for PBXNativeTarget "BlackbirdTests" */ = {
			isa = XCConfigurationList;
			buildConfigurations = (
				0143EB5326D566C100C3E2E5 /* Debug */,
				0143EB5426D566C100C3E2E5 /* Release */,
			);
			defaultConfigurationIsVisible = 0;
			defaultConfigurationName = Release;
		};
		0143EB5526D566C100C3E2E5 /* Build configuration list for PBXNativeTarget "BlackbirdUITests" */ = {
			isa = XCConfigurationList;
			buildConfigurations = (
				0143EB5626D566C100C3E2E5 /* Debug */,
				0143EB5726D566C100C3E2E5 /* Release */,
			);
			defaultConfigurationIsVisible = 0;
			defaultConfigurationName = Release;
		};
/* End XCConfigurationList section */

/* Begin XCRemoteSwiftPackageReference section */
		0154CE8626D97F93009611E5 /* XCRemoteSwiftPackageReference "SwiftKeychainWrapper" */ = {
			isa = XCRemoteSwiftPackageReference;
			repositoryURL = "https://github.com/jrendel/SwiftKeychainWrapper";
			requirement = {
				kind = upToNextMajorVersion;
				minimumVersion = 4.0.1;
			};
		};
/* End XCRemoteSwiftPackageReference section */

/* Begin XCSwiftPackageProductDependency section */
		0154CE8726D97F93009611E5 /* SwiftKeychainWrapper */ = {
			isa = XCSwiftPackageProductDependency;
			package = 0154CE8626D97F93009611E5 /* XCRemoteSwiftPackageReference "SwiftKeychainWrapper" */;
			productName = SwiftKeychainWrapper;
		};
/* End XCSwiftPackageProductDependency section */
	};
	rootObject = 0143EB2226D566BE00C3E2E5 /* Project object */;
}
